
Microsoft Visual Studio Solution File, Format Version 12.00
# Visual Studio Version 17
VisualStudioVersion = 17.10.35122.118
MinimumVisualStudioVersion = 10.0.40219.1
Project("{9A19103F-16F7-4668-BE54-9A1E7A4F7556}") = "CallServiceFlow", "Backend\CallServiceFlow.csproj", "{5D15C330-5A27-4331-B55D-DA21C0B1B033}"
EndProject
Project("{2150E333-8FDC-42A3-9474-1A3956D46DE8}") = "Backend", "Backend", "{F23A10D1-E775-43ED-AC61-F3D9CB7345A5}"
EndProject
Global
	GlobalSection(SolutionConfigurationPlatforms) = preSolution
		Debug|Any CPU = Debug|Any CPU
		Release|Any CPU = Release|Any CPU
	EndGlobalSection
	GlobalSection(ProjectConfigurationPlatforms) = postSolution
		{5D15C330-5A27-4331-B55D-DA21C0B1B033}.Debug|Any CPU.ActiveCfg = Debug|Any CPU
		{5D15C330-5A27-4331-B55D-DA21C0B1B033}.Debug|Any CPU.Build.0 = Debug|Any CPU
		{5D15C330-5A27-4331-B55D-DA21C0B1B033}.Release|Any CPU.ActiveCfg = Release|Any CPU
		{5D15C330-5A27-4331-B55D-DA21C0B1B033}.Release|Any CPU.Build.0 = Release|Any CPU
	EndGlobalSection
	GlobalSection(SolutionProperties) = preSolution
		HideSolutionNode = FALSE
	EndGlobalSection
	GlobalSection(NestedProjects) = preSolution
		{5D15C330-5A27-4331-B55D-DA21C0B1B033} = {F23A10D1-E775-43ED-AC61-F3D9CB7345A5}
	EndGlobalSection
	GlobalSection(ExtensibilityGlobals) = postSolution
		SolutionGuid = {2990955C-7AA9-4D79-BFC3-00778A66D6DB}
	EndGlobalSection
EndGlobal
